# This file is automatically @generated by Poetry 1.8.3 and should not be changed by hand.

[[package]]
name = "aiofiles"
version = "24.1.0"
description = "File support for asyncio."
optional = false
python-versions = ">=3.8"
files = [
    {file = "aiofiles-24.1.0-py3-none-any.whl", hash = "sha256:b4ec55f4195e3eb5d7abd1bf7e061763e864dd4954231fb8539a0ef8bb8260e5"},
    {file = "aiofiles-24.1.0.tar.gz", hash = "sha256:22a075c9e5a3810f0c2e48f3008c94d68c65d763b9b03857924c99e57355166c"},
]

[[package]]
name = "anyio"
version = "4.4.0"
description = "High level compatibility layer for multiple asynchronous event loop implementations"
optional = false
python-versions = ">=3.8"
files = [
    {file = "anyio-4.4.0-py3-none-any.whl", hash = "sha256:c1b2d8f46a8a812513012e1107cb0e68c17159a7a594208005a57dc776e1bdc7"},
    {file = "anyio-4.4.0.tar.gz", hash = "sha256:5aadc6a1bbb7cdb0bede386cac5e2940f5e2ff3aa20277e991cf028e0585ce94"},
]

[package.dependencies]
exceptiongroup = {version = ">=1.0.2", markers = "python_version < \"3.11\""}
idna = ">=2.8"
sniffio = ">=1.1"
typing-extensions = {version = ">=4.1", markers = "python_version < \"3.11\""}

[package.extras]
doc = ["Sphinx (>=7)", "packaging", "sphinx-autodoc-typehints (>=1.2.0)", "sphinx-rtd-theme"]
test = ["anyio[trio]", "coverage[toml] (>=7)", "exceptiongroup (>=1.2.0)", "hypothesis (>=4.0)", "psutil (>=5.9)", "pytest (>=7.0)", "pytest-mock (>=3.6.1)", "trustme", "uvloop (>=0.17)"]
trio = ["trio (>=0.23)"]

[[package]]
name = "backports-datetime-fromisoformat"
version = "2.0.2"
description = "Backport of Python 3.11's datetime.fromisoformat"
optional = false
python-versions = ">3"
files = [
    {file = "backports_datetime_fromisoformat-2.0.2-cp310-cp310-macosx_11_0_arm64.whl", hash = "sha256:09e70210726a70f3dd02ab9725bf2fcf469bda6d7554ea955588202e43e45b7d"},
    {file = "backports_datetime_fromisoformat-2.0.2-cp310-cp310-macosx_11_0_universal2.whl", hash = "sha256:ec971f93353e0ee957b3bbb037d58371331eedb9bee1b6676a866f8be97289a4"},
    {file = "backports_datetime_fromisoformat-2.0.2-cp310-cp310-macosx_11_0_x86_64.whl", hash = "sha256:191b0d327838eb21818e94a66b89118c086ada8f77ac9e6161980ef486fe0cbb"},
    {file = "backports_datetime_fromisoformat-2.0.2-cp310-cp310-manylinux_2_17_aarch64.manylinux2014_aarch64.whl", hash = "sha256:00441807d47dec7b89acafaa6570f561c43f5c7b7934d86f101b783a365a0f0c"},
    {file = "backports_datetime_fromisoformat-2.0.2-cp310-cp310-manylinux_2_5_x86_64.manylinux1_x86_64.manylinux_2_17_x86_64.manylinux2014_x86_64.whl", hash = "sha256:ba0af8719e161ce2fa5f5e426cceef1ff04b611c69a61636c8a7bf25d687cfa0"},
    {file = "backports_datetime_fromisoformat-2.0.2-cp310-cp310-musllinux_1_2_aarch64.whl", hash = "sha256:5afc32e1cdac293b054af04187d4adafcaceca99e12e5ff7807aee08074d85cb"},
    {file = "backports_datetime_fromisoformat-2.0.2-cp310-cp310-musllinux_1_2_x86_64.whl", hash = "sha256:70b044fdd274e32ece726d30b1728b4a21bc78fed0be6294091c6f04228b39ec"},
    {file = "backports_datetime_fromisoformat-2.0.2-cp310-cp310-win_amd64.whl", hash = "sha256:6f493622b06e23e10646df7ea23e0d8350e8b1caccb5509ea82f8c3e64db32c7"},
    {file = "backports_datetime_fromisoformat-2.0.2-cp311-cp311-macosx_11_0_arm64.whl", hash = "sha256:55f59c88511dd15dabccf7916cbf23f8610203ac026454588084ddabf46127ee"},
    {file = "backports_datetime_fromisoformat-2.0.2-cp311-cp311-macosx_11_0_universal2.whl", hash = "sha256:65ca1f21319d78145456a70301396483ceebf078353641233494ea548ccc47db"},
    {file = "backports_datetime_fromisoformat-2.0.2-cp311-cp311-macosx_11_0_x86_64.whl", hash = "sha256:79fc695afd66989f28e73de0ad91019abad789045577180dd482b6ede5bdca1e"},
    {file = "backports_datetime_fromisoformat-2.0.2-cp311-cp311-manylinux_2_17_aarch64.manylinux2014_aarch64.whl", hash = "sha256:019a87bd234734c2badb4c3e1ce4e807c5f2081f398a45a320e0c4919e5cee13"},
    {file = "backports_datetime_fromisoformat-2.0.2-cp311-cp311-manylinux_2_5_x86_64.manylinux1_x86_64.manylinux_2_17_x86_64.manylinux2014_x86_64.whl", hash = "sha256:ea2b77e8810b691f1dd347d5c3d4ad829d18a9e81a04a0ebbc958d431967db31"},
    {file = "backports_datetime_fromisoformat-2.0.2-cp311-cp311-musllinux_1_2_aarch64.whl", hash = "sha256:944c987b777d7a81d97c94cdee2a8597bf6bdc94090094689456d3b02760cb73"},
    {file = "backports_datetime_fromisoformat-2.0.2-cp311-cp311-musllinux_1_2_x86_64.whl", hash = "sha256:30a2ab8c1fe4eb0013e7fcca29906fbe54e89f9120731ea71032b048dcf2fa17"},
    {file = "backports_datetime_fromisoformat-2.0.2-cp311-cp311-win_amd64.whl", hash = "sha256:e23b602892827e15b1b4f94c61d4872b03b5d13417344d9a8daec80277244a32"},
    {file = "backports_datetime_fromisoformat-2.0.2-cp312-cp312-macosx_11_0_arm64.whl", hash = "sha256:64ec1ee18bc839847b067ab21a34a27e0d2cc4c6d041e4b05218cf6fed787740"},
    {file = "backports_datetime_fromisoformat-2.0.2-cp312-cp312-macosx_11_0_universal2.whl", hash = "sha256:54a3df9d6ae0e64b7677b9e3bba4fc7dce3ad56a3fa6bd66fb26796f8911de67"},
    {file = "backports_datetime_fromisoformat-2.0.2-cp312-cp312-macosx_11_0_x86_64.whl", hash = "sha256:e54fa5663efcba6122bca037fd49220b7311e94cf6cc72e2f2a6f5d05c700bef"},
    {file = "backports_datetime_fromisoformat-2.0.2-cp312-cp312-manylinux_2_17_aarch64.manylinux2014_aarch64.whl", hash = "sha256:00ecff906ed4eb19808d8e4f0b141c14a1963d3688ba318c9e00aa7da7f71301"},
    {file = "backports_datetime_fromisoformat-2.0.2-cp312-cp312-manylinux_2_5_x86_64.manylinux1_x86_64.manylinux_2_17_x86_64.manylinux2014_x86_64.whl", hash = "sha256:e85f1ad56e2bcb24408e420de5508be47e54b0912ebe1325134e71837ec23a08"},
    {file = "backports_datetime_fromisoformat-2.0.2-cp312-cp312-musllinux_1_2_aarch64.whl", hash = "sha256:36d5cbece09dff2a3f8f517f3cda64f2ccec56db07808714b1f122326cd76fbd"},
    {file = "backports_datetime_fromisoformat-2.0.2-cp312-cp312-musllinux_1_2_x86_64.whl", hash = "sha256:d47e186dcc366e6063248730a137a90de0472b2aaa5047ef39104fcacbcbcdbe"},
    {file = "backports_datetime_fromisoformat-2.0.2-cp312-cp312-win_amd64.whl", hash = "sha256:3e9c81c6acc21953ffa9a627f15c4afcdbce6e456ca1d03e0d6dbf131429bd56"},
    {file = "backports_datetime_fromisoformat-2.0.2-cp38-cp38-macosx_11_0_arm64.whl", hash = "sha256:5a2574f4b542b9679db2b8a786c779249d2d5057dad01f9433cfb79a921da92c"},
    {file = "backports_datetime_fromisoformat-2.0.2-cp38-cp38-macosx_11_0_universal2.whl", hash = "sha256:e62aa2eb6dc87a76a29b88601747925db439f793de7a8d2bbca4355e805088a6"},
    {file = "backports_datetime_fromisoformat-2.0.2-cp38-cp38-macosx_11_0_x86_64.whl", hash = "sha256:964ec2d2c23908e96f1064560def1547b355e33e7c1ab418265e7e6242d25841"},
    {file = "backports_datetime_fromisoformat-2.0.2-cp38-cp38-manylinux_2_17_aarch64.manylinux2014_aarch64.whl", hash = "sha256:8003f0cebeb6a5c47a1a871d0d09897d3dd54a9e1bcbe313f3e0463d470eed97"},
    {file = "backports_datetime_fromisoformat-2.0.2-cp38-cp38-manylinux_2_5_x86_64.manylinux1_x86_64.manylinux_2_17_x86_64.manylinux2014_x86_64.whl", hash = "sha256:2c88e6660e1fb96476cb9df17d6f5002a2fb5c87546d62b2daa3642aa537e144"},
    {file = "backports_datetime_fromisoformat-2.0.2-cp38-cp38-musllinux_1_2_aarch64.whl", hash = "sha256:7124cda6acdc66755df916c1f52b4e2e9cad85591d40bcd4a80341144fd98b32"},
    {file = "backports_datetime_fromisoformat-2.0.2-cp38-cp38-musllinux_1_2_x86_64.whl", hash = "sha256:c2b0a4a407479964b3f79fde080aad066fe64a350a3fcbb729d3c44b0db21240"},
    {file = "backports_datetime_fromisoformat-2.0.2-cp38-cp38-win_amd64.whl", hash = "sha256:5616519470bc8131429266a869c3c5eeee5817a9a8357e2dd9c521383b774d1b"},
    {file = "backports_datetime_fromisoformat-2.0.2-cp39-cp39-macosx_11_0_arm64.whl", hash = "sha256:2eb563509f19e803dbbef3e4901d9553c9c3ea2b73c8d8fb85219fc57f16787a"},
    {file = "backports_datetime_fromisoformat-2.0.2-cp39-cp39-macosx_11_0_universal2.whl", hash = "sha256:d37d2f4238e0f412e56fe2c41e8e60bda93be0230d0ee846823b54254ccb95e0"},
    {file = "backports_datetime_fromisoformat-2.0.2-cp39-cp39-macosx_11_0_x86_64.whl", hash = "sha256:7dcefbba71194c73b3b26593c2ea4ad254b19084d0eb83e98e2541651a692703"},
    {file = "backports_datetime_fromisoformat-2.0.2-cp39-cp39-manylinux_2_17_aarch64.manylinux2014_aarch64.whl", hash = "sha256:352f6b793cb402cc62c5b60ceab13d30c06fad1372869c716d4d07927b5c7c43"},
    {file = "backports_datetime_fromisoformat-2.0.2-cp39-cp39-manylinux_2_5_x86_64.manylinux1_x86_64.manylinux_2_17_x86_64.manylinux2014_x86_64.whl", hash = "sha256:e7d6a21b482001a9ea44f277dc21d9fb6590e543146aaabe816407d1b87cf41b"},
    {file = "backports_datetime_fromisoformat-2.0.2-cp39-cp39-musllinux_1_2_aarch64.whl", hash = "sha256:f97285e80ea192357380cfd2fb2dce056ec65672597172f3af549dcf5d019b1e"},
    {file = "backports_datetime_fromisoformat-2.0.2-cp39-cp39-musllinux_1_2_x86_64.whl", hash = "sha256:5a5cfff34bf80f0cd2771da88bd898be1fa60250d6f2dd9e4a59885dbcb7aa7c"},
    {file = "backports_datetime_fromisoformat-2.0.2-cp39-cp39-win_amd64.whl", hash = "sha256:ed392607d457b1ed50a88dcaf459e11d81c30a2f2d8dab818a1564de6897e76f"},
    {file = "backports_datetime_fromisoformat-2.0.2-pp310-pypy310_pp73-manylinux_2_17_aarch64.manylinux2014_aarch64.whl", hash = "sha256:cb0f24d2c596991e39dfaa60c685b8c69bc9b1da77e9baf2c453882adeec483b"},
    {file = "backports_datetime_fromisoformat-2.0.2-pp310-pypy310_pp73-manylinux_2_5_x86_64.manylinux1_x86_64.manylinux_2_17_x86_64.manylinux2014_x86_64.whl", hash = "sha256:0083552588270acfaa31ac8de81b29786a1515d7608ff11ccdfcdffc2486212e"},
    {file = "backports_datetime_fromisoformat-2.0.2-pp38-pypy38_pp73-manylinux_2_17_aarch64.manylinux2014_aarch64.whl", hash = "sha256:f367b7d7bc00aa6738c95eb48b90817f7f9bd9c61592ceedda29ece97983ee3f"},
    {file = "backports_datetime_fromisoformat-2.0.2-pp38-pypy38_pp73-manylinux_2_5_x86_64.manylinux1_x86_64.manylinux_2_17_x86_64.manylinux2014_x86_64.whl", hash = "sha256:1e0914e357d8559f1821e46fd5ef5d3bd22ec568125ba9e680b6e70cdc352910"},
    {file = "backports_datetime_fromisoformat-2.0.2-pp39-pypy39_pp73-manylinux_2_17_aarch64.manylinux2014_aarch64.whl", hash = "sha256:a94d5a7cf9cdee221b7721544f424c69747a04091cbff53aa6ae8454644b59f9"},
    {file = "backports_datetime_fromisoformat-2.0.2-pp39-pypy39_pp73-manylinux_2_5_x86_64.manylinux1_x86_64.manylinux_2_17_x86_64.manylinux2014_x86_64.whl", hash = "sha256:6a5e4c77a91db6f434c2eec46c0199d3617c19c812f0c74f7ed8e0f9779da9f0"},
    {file = "backports_datetime_fromisoformat-2.0.2.tar.gz", hash = "sha256:142313bde1f93b0ea55f20f5a6ea034f84c79713daeb252dc47d40019db3812f"},
]

[[package]]
name = "certifi"
version = "2024.8.30"
description = "Python package for providing Mozilla's CA Bundle."
optional = false
python-versions = ">=3.6"
files = [
    {file = "certifi-2024.8.30-py3-none-any.whl", hash = "sha256:922820b53db7a7257ffbda3f597266d435245903d80737e34f8a45ff3e3230d8"},
    {file = "certifi-2024.8.30.tar.gz", hash = "sha256:bec941d2aa8195e248a60b31ff9f0558284cf01a52591ceda73ea9afffd69fd9"},
]

[[package]]
name = "colorama"
version = "0.4.6"
description = "Cross-platform colored terminal text."
optional = false
python-versions = "!=3.0.*,!=3.1.*,!=3.2.*,!=3.3.*,!=3.4.*,!=3.5.*,!=3.6.*,>=2.7"
files = [
    {file = "colorama-0.4.6-py2.py3-none-any.whl", hash = "sha256:4f1d9991f5acc0ca119f9d443620b77f9d6b33703e51011c16baf57afb285fc6"},
    {file = "colorama-0.4.6.tar.gz", hash = "sha256:08695f5cb7ed6e0531a20572697297273c47b8cae5a63ffc6d6ed5c201be6e44"},
]

[[package]]
name = "exceptiongroup"
version = "1.2.2"
description = "Backport of PEP 654 (exception groups)"
optional = false
python-versions = ">=3.7"
files = [
    {file = "exceptiongroup-1.2.2-py3-none-any.whl", hash = "sha256:3111b9d131c238bec2f8f516e123e14ba243563fb135d3fe885990585aa7795b"},
    {file = "exceptiongroup-1.2.2.tar.gz", hash = "sha256:47c2edf7c6738fafb49fd34290706d1a1a2f4d1c6df275526b62cbb4aa5393cc"},
]

[package.extras]
test = ["pytest (>=6)"]

[[package]]
name = "h11"
version = "0.14.0"
description = "A pure-Python, bring-your-own-I/O implementation of HTTP/1.1"
optional = false
python-versions = ">=3.7"
files = [
    {file = "h11-0.14.0-py3-none-any.whl", hash = "sha256:e3fe4ac4b851c468cc8363d500db52c2ead036020723024a109d37346efaa761"},
    {file = "h11-0.14.0.tar.gz", hash = "sha256:8f19fbbe99e72420ff35c00b27a34cb9937e902a8b810e2c88300c6f0a3b699d"},
]

[[package]]
name = "httpcore"
version = "1.0.5"
description = "A minimal low-level HTTP client."
optional = false
python-versions = ">=3.8"
files = [
    {file = "httpcore-1.0.5-py3-none-any.whl", hash = "sha256:421f18bac248b25d310f3cacd198d55b8e6125c107797b609ff9b7a6ba7991b5"},
    {file = "httpcore-1.0.5.tar.gz", hash = "sha256:34a38e2f9291467ee3b44e89dd52615370e152954ba21721378a87b2960f7a61"},
]

[package.dependencies]
certifi = "*"
h11 = ">=0.13,<0.15"

[package.extras]
asyncio = ["anyio (>=4.0,<5.0)"]
http2 = ["h2 (>=3,<5)"]
socks = ["socksio (==1.*)"]
trio = ["trio (>=0.22.0,<0.26.0)"]

[[package]]
name = "httpx"
version = "0.27.2"
description = "The next generation HTTP client."
optional = false
python-versions = ">=3.8"
files = [
    {file = "httpx-0.27.2-py3-none-any.whl", hash = "sha256:7bb2708e112d8fdd7829cd4243970f0c223274051cb35ee80c03301ee29a3df0"},
    {file = "httpx-0.27.2.tar.gz", hash = "sha256:f7c2be1d2f3c3c3160d441802406b206c2b76f5947b11115e6df10c6c65e66c2"},
]

[package.dependencies]
anyio = "*"
certifi = "*"
httpcore = "==1.*"
idna = "*"
sniffio = "*"

[package.extras]
brotli = ["brotli", "brotlicffi"]
cli = ["click (==8.*)", "pygments (==2.*)", "rich (>=10,<14)"]
http2 = ["h2 (>=3,<5)"]
socks = ["socksio (==1.*)"]
zstd = ["zstandard (>=0.18.0)"]

[[package]]
name = "idna"
version = "3.8"
description = "Internationalized Domain Names in Applications (IDNA)"
optional = false
python-versions = ">=3.6"
files = [
    {file = "idna-3.8-py3-none-any.whl", hash = "sha256:050b4e5baadcd44d760cedbd2b8e639f2ff89bbc7a5730fcc662954303377aac"},
    {file = "idna-3.8.tar.gz", hash = "sha256:d838c2c0ed6fced7693d5e8ab8e734d5f8fda53a039c0164afb0b82e771e3603"},
]

[[package]]
name = "m3u8"
version = "6.0.0"
description = "Python m3u8 parser"
optional = false
python-versions = ">=3.7"
files = [
    {file = "m3u8-6.0.0-py3-none-any.whl", hash = "sha256:566d0748739c552dad10f8c87150078de6a0ec25071fa48e6968e96fc6dcba5d"},
    {file = "m3u8-6.0.0.tar.gz", hash = "sha256:7ade990a1667d7a653bcaf9413b16c3eb5cd618982ff46aaff57fe6d9fa9c0fd"},
]

[package.dependencies]
backports-datetime-fromisoformat = {version = "*", markers = "python_version < \"3.11\""}

[[package]]
name = "sniffio"
version = "1.3.1"
description = "Sniff out which async library your code is running under"
optional = false
python-versions = ">=3.7"
files = [
    {file = "sniffio-1.3.1-py3-none-any.whl", hash = "sha256:2f6da418d1f1e0fddd844478f41680e794e6051915791a034ff65e5f100525a2"},
    {file = "sniffio-1.3.1.tar.gz", hash = "sha256:f4324edc670a0f49750a81b895f35c3adb843cca46f0530f79fc1babb23789dc"},
]

[[package]]
name = "tqdm"
version = "4.66.5"
description = "Fast, Extensible Progress Meter"
optional = false
python-versions = ">=3.7"
files = [
    {file = "tqdm-4.66.5-py3-none-any.whl", hash = "sha256:90279a3770753eafc9194a0364852159802111925aa30eb3f9d85b0e805ac7cd"},
    {file = "tqdm-4.66.5.tar.gz", hash = "sha256:e1020aef2e5096702d8a025ac7d16b1577279c9d63f8375b63083e9a5f0fcbad"},
]

[package.dependencies]
colorama = {version = "*", markers = "platform_system == \"Windows\""}

[package.extras]
dev = ["pytest (>=6)", "pytest-cov", "pytest-timeout", "pytest-xdist"]
notebook = ["ipywidgets (>=6)"]
slack = ["slack-sdk"]
telegram = ["requests"]

[[package]]
name = "typing-extensions"
version = "4.12.2"
description = "Backported and Experimental Type Hints for Python 3.8+"
optional = false
python-versions = ">=3.8"
files = [
    {file = "typing_extensions-4.12.2-py3-none-any.whl", hash = "sha256:04e5ca0351e0f3f85c6853954072df659d0d13fac324d0072316b67d7794700d"},
    {file = "typing_extensions-4.12.2.tar.gz", hash = "sha256:1a7ead55c7e559dd4dee8856e3a88b41225abfe1ce8df57b7c13915fe121ffb8"},
]

[metadata]
lock-version = "2.0"
python-versions = "^3.10"
content-hash = "5847b10cb749850e1643b55d651ef65baac3f6bc8c4e8185db988f557291d2e2"
